// !$*UTF8*$!
{
	archiveVersion = 1;
	classes = {
	};
	objectVersion = 56;
	objects = {

/* Begin PBXBuildFile section */
		832EEAEF29FAE1E5009BA692 /* StudyTimerApp.swift in Sources */ = {isa = PBXBuildFile; fileRef = 832EEAEE29FAE1E5009BA692 /* StudyTimerApp.swift */; };
		832EEAF129FAE1E5009BA692 /* ContentView.swift in Sources */ = {isa = PBXBuildFile; fileRef = 832EEAF029FAE1E5009BA692 /* ContentView.swift */; };
		832EEAF329FAE1E7009BA692 /* Assets.xcassets in Resources */ = {isa = PBXBuildFile; fileRef = 832EEAF229FAE1E7009BA692 /* Assets.xcassets */; };
		832EEAF629FAE1E7009BA692 /* Preview Assets.xcassets in Resources */ = {isa = PBXBuildFile; fileRef = 832EEAF529FAE1E7009BA692 /* Preview Assets.xcassets */; };
		832EEAFF29FB2AE5009BA692 /* TimerModel.swift in Sources */ = {isa = PBXBuildFile; fileRef = 832EEAFE29FB2AE5009BA692 /* TimerModel.swift */; };
		832EEB0729FB2E08009BA692 /* Home.swift in Sources */ = {isa = PBXBuildFile; fileRef = 832EEB0629FB2E08009BA692 /* Home.swift */; };
/* End PBXBuildFile section */

/* Begin PBXFileReference section */
		832EEAEB29FAE1E5009BA692 /* StudyTimer.app */ = {isa = PBXFileReference; explicitFileType = wrapper.application; includeInIndex = 0; path = StudyTimer.app; sourceTree = BUILT_PRODUCTS_DIR; };
		832EEAEE29FAE1E5009BA692 /* StudyTimerApp.swift */ = {isa = PBXFileReference; lastKnownFileType = sourcecode.swift; path = StudyTimerApp.swift; sourceTree = "<group>"; };
		832EEAF029FAE1E5009BA692 /* ContentView.swift */ = {isa = PBXFileReference; lastKnownFileType = sourcecode.swift; path = ContentView.swift; sourceTree = "<group>"; };
		832EEAF229FAE1E7009BA692 /* Assets.xcassets */ = {isa = PBXFileReference; lastKnownFileType = folder.assetcatalog; path = Assets.xcassets; sourceTree = "<group>"; };
		832EEAF529FAE1E7009BA692 /* Preview Assets.xcassets */ = {isa = PBXFileReference; lastKnownFileType = folder.assetcatalog; path = "Preview Assets.xcassets"; sourceTree = "<group>"; };
		832EEAFE29FB2AE5009BA692 /* TimerModel.swift */ = {isa = PBXFileReference; lastKnownFileType = sourcecode.swift; path = TimerModel.swift; sourceTree = "<group>"; };
		832EEB0629FB2E08009BA692 /* Home.swift */ = {isa = PBXFileReference; lastKnownFileType = sourcecode.swift; path = Home.swift; sourceTree = "<group>"; };
/* End PBXFileReference section */

/* Begin PBXFrameworksBuildPhase section */
		832EEAE829FAE1E5009BA692 /* Frameworks */ = {
			isa = PBXFrameworksBuildPhase;
			buildActionMask = 2147483647;
			files = (
			);
			runOnlyForDeploymentPostprocessing = 0;
		};
/* End PBXFrameworksBuildPhase section */

/* Begin PBXGroup section */
		832EEAE229FAE1E5009BA692 = {
			isa = PBXGroup;
			children = (
				832EEAED29FAE1E5009BA692 /* StudyTimer */,
				832EEAEC29FAE1E5009BA692 /* Products */,
			);
			sourceTree = "<group>";
		};
		832EEAEC29FAE1E5009BA692 /* Products */ = {
			isa = PBXGroup;
			children = (
				832EEAEB29FAE1E5009BA692 /* StudyTimer.app */,
			);
			name = Products;
			sourceTree = "<group>";
		};
		832EEAED29FAE1E5009BA692 /* StudyTimer */ = {
			isa = PBXGroup;
			children = (
				832EEB0229FB2BC8009BA692 /* TimerModel */,
				832EEAFD29FB2A48009BA692 /* Views */,
				832EEAF229FAE1E7009BA692 /* Assets.xcassets */,
				832EEAF429FAE1E7009BA692 /* Preview Content */,
			);
			path = StudyTimer;
			sourceTree = "<group>";
		};
		832EEAF429FAE1E7009BA692 /* Preview Content */ = {
			isa = PBXGroup;
			children = (
				832EEAF529FAE1E7009BA692 /* Preview Assets.xcassets */,
			);
			path = "Preview Content";
			sourceTree = "<group>";
		};
		832EEAFD29FB2A48009BA692 /* Views */ = {
			isa = PBXGroup;
			children = (
				832EEAF029FAE1E5009BA692 /* ContentView.swift */,
				832EEAEE29FAE1E5009BA692 /* StudyTimerApp.swift */,
				832EEB0629FB2E08009BA692 /* Home.swift */,
			);
			path = Views;
			sourceTree = "<group>";
		};
		832EEB0229FB2BC8009BA692 /* TimerModel */ = {
			isa = PBXGroup;
			children = (
				832EEAFE29FB2AE5009BA692 /* TimerModel.swift */,
			);
			path = TimerModel;
			sourceTree = "<group>";
		};
/* End PBXGroup section */

/* Begin PBXNativeTarget section */
		832EEAEA29FAE1E5009BA692 /* StudyTimer */ = {
			isa = PBXNativeTarget;
			buildConfigurationList = 832EEAF929FAE1E7009BA692 /* Build configuration list for PBXNativeTarget "StudyTimer" */;
			buildPhases = (
				832EEAE729FAE1E5009BA692 /* Sources */,
				832EEAE829FAE1E5009BA692 /* Frameworks */,
				832EEAE929FAE1E5009BA692 /* Resources */,
			);
			buildRules = (
			);
			dependencies = (
			);
			name = StudyTimer;
			productName = StudyTimer;
			productReference = 832EEAEB29FAE1E5009BA692 /* StudyTimer.app */;
			productType = "com.apple.product-type.application";
		};
/* End PBXNativeTarget section */

/* Begin PBXProject section */
		832EEAE329FAE1E5009BA692 /* Project object */ = {
			isa = PBXProject;
			attributes = {
				BuildIndependentTargetsInParallel = 1;
				LastSwiftUpdateCheck = 1420;
				LastUpgradeCheck = 1420;
				TargetAttributes = {
					832EEAEA29FAE1E5009BA692 = {
						CreatedOnToolsVersion = 14.2;
					};
				};
			};
			buildConfigurationList = 832EEAE629FAE1E5009BA692 /* Build configuration list for PBXProject "StudyTimer" */;
			compatibilityVersion = "Xcode 14.0";
			developmentRegion = en;
			hasScannedForEncodings = 0;
			knownRegions = (
				en,
				Base,
			);
			mainGroup = 832EEAE229FAE1E5009BA692;
			productRefGroup = 832EEAEC29FAE1E5009BA692 /* Products */;
			projectDirPath = "";
			projectRoot = "";
			targets = (
				832EEAEA29FAE1E5009BA692 /* StudyTimer */,
			);
		};
/* End PBXProject section */

/* Begin PBXResourcesBuildPhase section */
		832EEAE929FAE1E5009BA692 /* Resources */ = {
			isa = PBXResourcesBuildPhase;
			buildActionMask = 2147483647;
			files = (
				832EEAF629FAE1E7009BA692 /* Preview Assets.xcassets in Resources */,
				832EEAF329FAE1E7009BA692 /* Assets.xcassets in Resources */,
			);
			runOnlyForDeploymentPostprocessing = 0;
		};
/* End PBXResourcesBuildPhase section */

/* Begin PBXSourcesBuildPhase section */
		832EEAE729FAE1E5009BA692 /* Sources */ = {
			isa = PBXSourcesBuildPhase;
			buildActionMask = 2147483647;
			files = (
				832EEAFF29FB2AE5009BA692 /* TimerModel.swift in Sources */,
				832EEAF129FAE1E5009BA692 /* ContentView.swift in Sources */,
				832EEB0729FB2E08009BA692 /* Home.swift in Sources */,
				832EEAEF29FAE1E5009BA692 /* StudyTimerApp.swift in Sources */,
			);
			runOnlyForDeploymentPostprocessing = 0;
		};
/* End PBXSourcesBuildPhase section */

/* Begin XCBuildConfiguration section */
		832EEAF729FAE1E7009BA692 /* Debug */ = {
			isa = XCBuildConfiguration;
			buildSettings = {
				ALWAYS_SEARCH_USER_PATHS = NO;
				CLANG_ANALYZER_NONNULL = YES;
				CLANG_ANALYZER_NUMBER_OBJECT_CONVERSION = YES_AGGRESSIVE;
				CLANG_CXX_LANGUAGE_STANDARD = "gnu++20";
				CLANG_ENABLE_MODULES = YES;
				CLANG_ENABLE_OBJC_ARC = YES;
				CLANG_ENABLE_OBJC_WEAK = YES;
				CLANG_WARN_BLOCK_CAPTURE_AUTORELEASING = YES;
				CLANG_WARN_BOOL_CONVERSION = YES;
				CLANG_WARN_COMMA = YES;
				CLANG_WARN_CONSTANT_CONVERSION = YES;
				CLANG_WARN_DEPRECATED_OBJC_IMPLEMENTATIONS = YES;
				CLANG_WARN_DIRECT_OBJC_ISA_USAGE = YES_ERROR;
				CLANG_WARN_DOCUMENTATION_COMMENTS = YES;
				CLANG_WARN_EMPTY_BODY = YES;
				CLANG_WARN_ENUM_CONVERSION = YES;
				CLANG_WARN_INFINITE_RECURSION = YES;
				CLANG_WARN_INT_CONVERSION = YES;
				CLANG_WARN_NON_LITERAL_NULL_CONVERSION = YES;
				CLANG_WARN_OBJC_IMPLICIT_RETAIN_SELF = YES;
				CLANG_WARN_OBJC_LITERAL_CONVERSION = YES;
				CLANG_WARN_OBJC_ROOT_CLASS = YES_ERROR;
				CLANG_WARN_QUOTED_INCLUDE_IN_FRAMEWORK_HEADER = YES;
				CLANG_WARN_RANGE_LOOP_ANALYSIS = YES;
				CLANG_WARN_STRICT_PROTOTYPES = YES;
				CLANG_WARN_SUSPICIOUS_MOVE = YES;
				CLANG_WARN_UNGUARDED_AVAILABILITY = YES_AGGRESSIVE;
				CLANG_WARN_UNREACHABLE_CODE = YES;
				CLANG_WARN__DUPLICATE_METHOD_MATCH = YES;
				COPY_PHASE_STRIP = NO;
				DEBUG_INFORMATION_FORMAT = dwarf;
				ENABLE_STRICT_OBJC_MSGSEND = YES;
				ENABLE_TESTABILITY = YES;
				GCC_C_LANGUAGE_STANDARD = gnu11;
				GCC_DYNAMIC_NO_PIC = NO;
				GCC_NO_COMMON_BLOCKS = YES;
				GCC_OPTIMIZATION_LEVEL = 0;
				GCC_PREPROCESSOR_DEFINITIONS = (
					"DEBUG=1",
					"$(inherited)",
				);
				GCC_WARN_64_TO_32_BIT_CONVERSION = YES;
				GCC_WARN_ABOUT_RETURN_TYPE = YES_ERROR;
				GCC_WARN_UNDECLARED_SELECTOR = YES;
				GCC_WARN_UNINITIALIZED_AUTOS = YES_AGGRESSIVE;
				GCC_WARN_UNUSED_FUNCTION = YES;
				GCC_WARN_UNUSED_VARIABLE = YES;
				IPHONEOS_DEPLOYMENT_TARGET = 16.2;
				MTL_ENABLE_DEBUG_INFO = INCLUDE_SOURCE;
				MTL_FAST_MATH = YES;
				ONLY_ACTIVE_ARCH = YES;
				SDKROOT = iphoneos;
				SWIFT_ACTIVE_COMPILATION_CONDITIONS = DEBUG;
				SWIFT_OPTIMIZATION_LEVEL = "-Onone";
			};
			name = Debug;
		};
		832EEAF829FAE1E7009BA692 /* Release */ = {
			isa = XCBuildConfiguration;
			buildSettings = {
				ALWAYS_SEARCH_USER_PATHS = NO;
				CLANG_ANALYZER_NONNULL = YES;
				CLANG_ANALYZER_NUMBER_OBJECT_CONVERSION = YES_AGGRESSIVE;
				CLANG_CXX_LANGUAGE_STANDARD = "gnu++20";
				CLANG_ENABLE_MODULES = YES;
				CLANG_ENABLE_OBJC_ARC = YES;
				CLANG_ENABLE_OBJC_WEAK = YES;
				CLANG_WARN_BLOCK_CAPTURE_AUTORELEASING = YES;
				CLANG_WARN_BOOL_CONVERSION = YES;
				CLANG_WARN_COMMA = YES;
				CLANG_WARN_CONSTANT_CONVERSION = YES;
				CLANG_WARN_DEPRECATED_OBJC_IMPLEMENTATIONS = YES;
				CLANG_WARN_DIRECT_OBJC_ISA_USAGE = YES_ERROR;
				CLANG_WARN_DOCUMENTATION_COMMENTS = YES;
				CLANG_WARN_EMPTY_BODY = YES;
				CLANG_WARN_ENUM_CONVERSION = YES;
				CLANG_WARN_INFINITE_RECURSION = YES;
				CLANG_WARN_INT_CONVERSION = YES;
				CLANG_WARN_NON_LITERAL_NULL_CONVERSION = YES;
				CLANG_WARN_OBJC_IMPLICIT_RETAIN_SELF = YES;
				CLANG_WARN_OBJC_LITERAL_CONVERSION = YES;
				CLANG_WARN_OBJC_ROOT_CLASS = YES_ERROR;
				CLANG_WARN_QUOTED_INCLUDE_IN_FRAMEWORK_HEADER = YES;
				CLANG_WARN_RANGE_LOOP_ANALYSIS = YES;
				CLANG_WARN_STRICT_PROTOTYPES = YES;
				CLANG_WARN_SUSPICIOUS_MOVE = YES;
				CLANG_WARN_UNGUARDED_AVAILABILITY = YES_AGGRESSIVE;
				CLANG_WARN_UNREACHABLE_CODE = YES;
				CLANG_WARN__DUPLICATE_METHOD_MATCH = YES;
				COPY_PHASE_STRIP = NO;
				DEBUG_INFORMATION_FORMAT = "dwarf-with-dsym";
				ENABLE_NS_ASSERTIONS = NO;
				ENABLE_STRICT_OBJC_MSGSEND = YES;
				GCC_C_LANGUAGE_STANDARD = gnu11;
				GCC_NO_COMMON_BLOCKS = YES;
				GCC_WARN_64_TO_32_BIT_CONVERSION = YES;
				GCC_WARN_ABOUT_RETURN_TYPE = YES_ERROR;
				GCC_WARN_UNDECLARED_SELECTOR = YES;
				GCC_WARN_UNINITIALIZED_AUTOS = YES_AGGRESSIVE;
				GCC_WARN_UNUSED_FUNCTION = YES;
				GCC_WARN_UNUSED_VARIABLE = YES;
				IPHONEOS_DEPLOYMENT_TARGET = 16.2;
				MTL_ENABLE_DEBUG_INFO = NO;
				MTL_FAST_MATH = YES;
				SDKROOT = iphoneos;
				SWIFT_COMPILATION_MODE = wholemodule;
				SWIFT_OPTIMIZATION_LEVEL = "-O";
				VALIDATE_PRODUCT = YES;
			};
			name = Release;
		};
		832EEAFA29FAE1E7009BA692 /* Debug */ = {
			isa = XCBuildConfiguration;
			buildSettings = {
				ASSETCATALOG_COMPILER_APPICON_NAME = AppIcon;
				ASSETCATALOG_COMPILER_GLOBAL_ACCENT_COLOR_NAME = AccentColor;
				CODE_SIGN_STYLE = Automatic;
				CURRENT_PROJECT_VERSION = 1;
				DEVELOPMENT_ASSET_PATHS = "\"StudyTimer/Preview Content\"";
				DEVELOPMENT_TEAM = VF9Z9M3349;
				ENABLE_PREVIEWS = YES;
				GENERATE_INFOPLIST_FILE = YES;
				INFOPLIST_KEY_UIApplicationSceneManifest_Generation = YES;
				INFOPLIST_KEY_UIApplicationSupportsIndirectInputEvents = YES;
				INFOPLIST_KEY_UILaunchScreen_Generation = YES;
				INFOPLIST_KEY_UISupportedInterfaceOrientations_iPad = "UIInterfaceOrientationPortrait UIInterfaceOrientationPortraitUpsideDown UIInterfaceOrientationLandscapeLeft UIInterfaceOrientationLandscapeRight";
				INFOPLIST_KEY_UISupportedInterfaceOrientations_iPhone = "UIInterfaceOrientationPortrait UIInterfaceOrientationLandscapeLeft UIInterfaceOrientationLandscapeRight";
				LD_RUNPATH_SEARCH_PATHS = (
					"$(inherited)",
					"@executable_path/Frameworks",
				);
				MARKETING_VERSION = 1.0;
				PRODUCT_BUNDLE_IDENTIFIER = com.modamorioluwayomi.StudyTimer;
				PRODUCT_NAME = "$(TARGET_NAME)";
				SWIFT_EMIT_LOC_STRINGS = YES;
				SWIFT_VERSION = 5.0;
				TARGETED_DEVICE_FAMILY = "1,2";
			};
			name = Debug;
		};
		832EEAFB29FAE1E7009BA692 /* Release */ = {
			isa = XCBuildConfiguration;
			buildSettings = {
				ASSETCATALOG_COMPILER_APPICON_NAME = AppIcon;
				ASSETCATALOG_COMPILER_GLOBAL_ACCENT_COLOR_NAME = AccentColor;
				CODE_SIGN_STYLE = Automatic;
				CURRENT_PROJECT_VERSION = 1;
				DEVELOPMENT_ASSET_PATHS = "\"StudyTimer/Preview Content\"";
				DEVELOPMENT_TEAM = VF9Z9M3349;
				ENABLE_PREVIEWS = YES;
				GENERATE_INFOPLIST_FILE = YES;
				INFOPLIST_KEY_UIApplicationSceneManifest_Generation = YES;
				INFOPLIST_KEY_UIApplicationSupportsIndirectInputEvents = YES;
				INFOPLIST_KEY_UILaunchScreen_Generation = YES;
				INFOPLIST_KEY_UISupportedInterfaceOrientations_iPad = "UIInterfaceOrientationPortrait UIInterfaceOrientationPortraitUpsideDown UIInterfaceOrientationLandscapeLeft UIInterfaceOrientationLandscapeRight";
				INFOPLIST_KEY_UISupportedInterfaceOrientations_iPhone = "UIInterfaceOrientationPortrait UIInterfaceOrientationLandscapeLeft UIInterfaceOrientationLandscapeRight";
				LD_RUNPATH_SEARCH_PATHS = (
					"$(inherited)",
					"@executable_path/Frameworks",
				);
				MARKETING_VERSION = 1.0;
				PRODUCT_BUNDLE_IDENTIFIER = com.modamorioluwayomi.StudyTimer;
				PRODUCT_NAME = "$(TARGET_NAME)";
				SWIFT_EMIT_LOC_STRINGS = YES;
				SWIFT_VERSION = 5.0;
				TARGETED_DEVICE_FAMILY = "1,2";
			};
			name = Release;
		};
/* End XCBuildConfiguration section */

/* Begin XCConfigurationList section */
		832EEAE629FAE1E5009BA692 /* Build configuration list for PBXProject "StudyTimer" */ = {
			isa = XCConfigurationList;
			buildConfigurations = (
				832EEAF729FAE1E7009BA692 /* Debug */,
				832EEAF829FAE1E7009BA692 /* Release */,
			);
			defaultConfigurationIsVisible = 0;
			defaultConfigurationName = Release;
		};
		832EEAF929FAE1E7009BA692 /* Build configuration list for PBXNativeTarget "StudyTimer" */ = {
			isa = XCConfigurationList;
			buildConfigurations = (
				832EEAFA29FAE1E7009BA692 /* Debug */,
				832EEAFB29FAE1E7009BA692 /* Release */,
			);
			defaultConfigurationIsVisible = 0;
			defaultConfigurationName = Release;
		};
/* End XCConfigurationList section */
	};
	rootObject = 832EEAE329FAE1E5009BA692 /* Project object */;
}
