// !$*UTF8*$!
{
	archiveVersion = 1;
	classes = {
	};
	objectVersion = 56;
	objects = {

/* Begin PBXBuildFile section */
		830136B729F98A9A00FD2DC9 /* nextButton.swift in Sources */ = {isa = PBXBuildFile; fileRef = 830136B629F98A9A00FD2DC9 /* nextButton.swift */; };
		830136BA29F9E7D600FD2DC9 /* bill.swift in Sources */ = {isa = PBXBuildFile; fileRef = 830136B929F9E7D600FD2DC9 /* bill.swift */; };
		830136BD29F9E8AF00FD2DC9 /* billViewModel.swift in Sources */ = {isa = PBXBuildFile; fileRef = 830136BC29F9E8AF00FD2DC9 /* billViewModel.swift */; };
		833DF0FE29F8E9A20030F921 /* greenTipApp.swift in Sources */ = {isa = PBXBuildFile; fileRef = 833DF0FD29F8E9A20030F921 /* greenTipApp.swift */; };
		833DF10029F8E9A20030F921 /* ContentView.swift in Sources */ = {isa = PBXBuildFile; fileRef = 833DF0FF29F8E9A20030F921 /* ContentView.swift */; };
		833DF10229F8E9A60030F921 /* Assets.xcassets in Resources */ = {isa = PBXBuildFile; fileRef = 833DF10129F8E9A60030F921 /* Assets.xcassets */; };
		833DF10529F8E9A60030F921 /* Preview Assets.xcassets in Resources */ = {isa = PBXBuildFile; fileRef = 833DF10429F8E9A60030F921 /* Preview Assets.xcassets */; };
		833DF11129F8EC190030F921 /* tipView.swift in Sources */ = {isa = PBXBuildFile; fileRef = 833DF11029F8EC190030F921 /* tipView.swift */; };
		833DF11329F8ECA30030F921 /* Roboto-Regular.ttf in Resources */ = {isa = PBXBuildFile; fileRef = 833DF11229F8ECA30030F921 /* Roboto-Regular.ttf */; };
		833DF11729F8EE5B0030F921 /* tipBill.swift in Sources */ = {isa = PBXBuildFile; fileRef = 833DF11629F8EE5B0030F921 /* tipBill.swift */; };
		833DF11929F8F2420030F921 /* billResult.swift in Sources */ = {isa = PBXBuildFile; fileRef = 833DF11829F8F2420030F921 /* billResult.swift */; };
		833DF11B29F8F3B10030F921 /* Roboto-Bold.ttf in Resources */ = {isa = PBXBuildFile; fileRef = 833DF11A29F8F3B10030F921 /* Roboto-Bold.ttf */; };
		833DF11D29F8F4200030F921 /* Roboto-Italic.ttf in Resources */ = {isa = PBXBuildFile; fileRef = 833DF11C29F8F4200030F921 /* Roboto-Italic.ttf */; };
		833DF11F29F8F7E80030F921 /* pickerView.swift in Sources */ = {isa = PBXBuildFile; fileRef = 833DF11E29F8F7E80030F921 /* pickerView.swift */; };
/* End PBXBuildFile section */

/* Begin PBXFileReference section */
		830136B629F98A9A00FD2DC9 /* nextButton.swift */ = {isa = PBXFileReference; lastKnownFileType = sourcecode.swift; path = nextButton.swift; sourceTree = "<group>"; };
		830136B929F9E7D600FD2DC9 /* bill.swift */ = {isa = PBXFileReference; lastKnownFileType = sourcecode.swift; path = bill.swift; sourceTree = "<group>"; };
		830136BC29F9E8AF00FD2DC9 /* billViewModel.swift */ = {isa = PBXFileReference; lastKnownFileType = sourcecode.swift; path = billViewModel.swift; sourceTree = "<group>"; };
		833DF0FA29F8E9A20030F921 /* greenTip.app */ = {isa = PBXFileReference; explicitFileType = wrapper.application; includeInIndex = 0; path = greenTip.app; sourceTree = BUILT_PRODUCTS_DIR; };
		833DF0FD29F8E9A20030F921 /* greenTipApp.swift */ = {isa = PBXFileReference; lastKnownFileType = sourcecode.swift; path = greenTipApp.swift; sourceTree = "<group>"; };
		833DF0FF29F8E9A20030F921 /* ContentView.swift */ = {isa = PBXFileReference; lastKnownFileType = sourcecode.swift; path = ContentView.swift; sourceTree = "<group>"; };
		833DF10129F8E9A60030F921 /* Assets.xcassets */ = {isa = PBXFileReference; lastKnownFileType = folder.assetcatalog; path = Assets.xcassets; sourceTree = "<group>"; };
		833DF10429F8E9A60030F921 /* Preview Assets.xcassets */ = {isa = PBXFileReference; lastKnownFileType = folder.assetcatalog; path = "Preview Assets.xcassets"; sourceTree = "<group>"; };
		833DF11029F8EC190030F921 /* tipView.swift */ = {isa = PBXFileReference; lastKnownFileType = sourcecode.swift; path = tipView.swift; sourceTree = "<group>"; };
		833DF11229F8ECA30030F921 /* Roboto-Regular.ttf */ = {isa = PBXFileReference; lastKnownFileType = file; path = "Roboto-Regular.ttf"; sourceTree = "<group>"; };
		833DF11529F8ECD20030F921 /* Info.plist */ = {isa = PBXFileReference; lastKnownFileType = text.plist; path = Info.plist; sourceTree = "<group>"; };
		833DF11629F8EE5B0030F921 /* tipBill.swift */ = {isa = PBXFileReference; lastKnownFileType = sourcecode.swift; path = tipBill.swift; sourceTree = "<group>"; };
		833DF11829F8F2420030F921 /* billResult.swift */ = {isa = PBXFileReference; lastKnownFileType = sourcecode.swift; path = billResult.swift; sourceTree = "<group>"; };
		833DF11A29F8F3B10030F921 /* Roboto-Bold.ttf */ = {isa = PBXFileReference; lastKnownFileType = file; path = "Roboto-Bold.ttf"; sourceTree = "<group>"; };
		833DF11C29F8F4200030F921 /* Roboto-Italic.ttf */ = {isa = PBXFileReference; lastKnownFileType = file; path = "Roboto-Italic.ttf"; sourceTree = "<group>"; };
		833DF11E29F8F7E80030F921 /* pickerView.swift */ = {isa = PBXFileReference; lastKnownFileType = sourcecode.swift; path = pickerView.swift; sourceTree = "<group>"; };
/* End PBXFileReference section */

/* Begin PBXFrameworksBuildPhase section */
		833DF0F729F8E9A20030F921 /* Frameworks */ = {
			isa = PBXFrameworksBuildPhase;
			buildActionMask = 2147483647;
			files = (
			);
			runOnlyForDeploymentPostprocessing = 0;
		};
/* End PBXFrameworksBuildPhase section */

/* Begin PBXGroup section */
		830136B829F98AA600FD2DC9 /* components */ = {
			isa = PBXGroup;
			children = (
				830136B629F98A9A00FD2DC9 /* nextButton.swift */,
			);
			path = components;
			sourceTree = "<group>";
		};
		830136BB29F9E7DC00FD2DC9 /* model */ = {
			isa = PBXGroup;
			children = (
				830136B929F9E7D600FD2DC9 /* bill.swift */,
				830136BC29F9E8AF00FD2DC9 /* billViewModel.swift */,
			);
			path = model;
			sourceTree = "<group>";
		};
		833DF0F129F8E9A20030F921 = {
			isa = PBXGroup;
			children = (
				833DF0FC29F8E9A20030F921 /* greenTip */,
				833DF0FB29F8E9A20030F921 /* Products */,
			);
			sourceTree = "<group>";
		};
		833DF0FB29F8E9A20030F921 /* Products */ = {
			isa = PBXGroup;
			children = (
				833DF0FA29F8E9A20030F921 /* greenTip.app */,
			);
			name = Products;
			sourceTree = "<group>";
		};
		833DF0FC29F8E9A20030F921 /* greenTip */ = {
			isa = PBXGroup;
			children = (
				830136B829F98AA600FD2DC9 /* components */,
				833DF11529F8ECD20030F921 /* Info.plist */,
				833DF0FD29F8E9A20030F921 /* greenTipApp.swift */,
				833DF10B29F8EADE0030F921 /* View */,
				833DF10129F8E9A60030F921 /* Assets.xcassets */,
				833DF10329F8E9A60030F921 /* Preview Content */,
				833DF11429F8ECAD0030F921 /* fonts */,
				830136BB29F9E7DC00FD2DC9 /* model */,
			);
			path = greenTip;
			sourceTree = "<group>";
		};
		833DF10329F8E9A60030F921 /* Preview Content */ = {
			isa = PBXGroup;
			children = (
				833DF10429F8E9A60030F921 /* Preview Assets.xcassets */,
			);
			path = "Preview Content";
			sourceTree = "<group>";
		};
		833DF10B29F8EADE0030F921 /* View */ = {
			isa = PBXGroup;
			children = (
				833DF0FF29F8E9A20030F921 /* ContentView.swift */,
				833DF11029F8EC190030F921 /* tipView.swift */,
				833DF11629F8EE5B0030F921 /* tipBill.swift */,
				833DF11829F8F2420030F921 /* billResult.swift */,
				833DF11E29F8F7E80030F921 /* pickerView.swift */,
			);
			path = View;
			sourceTree = "<group>";
		};
		833DF11429F8ECAD0030F921 /* fonts */ = {
			isa = PBXGroup;
			children = (
				833DF11A29F8F3B10030F921 /* Roboto-Bold.ttf */,
				833DF11229F8ECA30030F921 /* Roboto-Regular.ttf */,
				833DF11C29F8F4200030F921 /* Roboto-Italic.ttf */,
			);
			path = fonts;
			sourceTree = "<group>";
		};
/* End PBXGroup section */

/* Begin PBXNativeTarget section */
		833DF0F929F8E9A20030F921 /* greenTip */ = {
			isa = PBXNativeTarget;
			buildConfigurationList = 833DF10829F8E9A60030F921 /* Build configuration list for PBXNativeTarget "greenTip" */;
			buildPhases = (
				833DF0F629F8E9A20030F921 /* Sources */,
				833DF0F729F8E9A20030F921 /* Frameworks */,
				833DF0F829F8E9A20030F921 /* Resources */,
			);
			buildRules = (
			);
			dependencies = (
			);
			name = greenTip;
			productName = greenTip;
			productReference = 833DF0FA29F8E9A20030F921 /* greenTip.app */;
			productType = "com.apple.product-type.application";
		};
/* End PBXNativeTarget section */

/* Begin PBXProject section */
		833DF0F229F8E9A20030F921 /* Project object */ = {
			isa = PBXProject;
			attributes = {
				BuildIndependentTargetsInParallel = 1;
				LastSwiftUpdateCheck = 1420;
				LastUpgradeCheck = 1420;
				TargetAttributes = {
					833DF0F929F8E9A20030F921 = {
						CreatedOnToolsVersion = 14.2;
					};
				};
			};
			buildConfigurationList = 833DF0F529F8E9A20030F921 /* Build configuration list for PBXProject "greenTip" */;
			compatibilityVersion = "Xcode 14.0";
			developmentRegion = en;
			hasScannedForEncodings = 0;
			knownRegions = (
				en,
				Base,
			);
			mainGroup = 833DF0F129F8E9A20030F921;
			productRefGroup = 833DF0FB29F8E9A20030F921 /* Products */;
			projectDirPath = "";
			projectRoot = "";
			targets = (
				833DF0F929F8E9A20030F921 /* greenTip */,
			);
		};
/* End PBXProject section */

/* Begin PBXResourcesBuildPhase section */
		833DF0F829F8E9A20030F921 /* Resources */ = {
			isa = PBXResourcesBuildPhase;
			buildActionMask = 2147483647;
			files = (
				833DF11329F8ECA30030F921 /* Roboto-Regular.ttf in Resources */,
				833DF10529F8E9A60030F921 /* Preview Assets.xcassets in Resources */,
				833DF11D29F8F4200030F921 /* Roboto-Italic.ttf in Resources */,
				833DF11B29F8F3B10030F921 /* Roboto-Bold.ttf in Resources */,
				833DF10229F8E9A60030F921 /* Assets.xcassets in Resources */,
			);
			runOnlyForDeploymentPostprocessing = 0;
		};
/* End PBXResourcesBuildPhase section */

/* Begin PBXSourcesBuildPhase section */
		833DF0F629F8E9A20030F921 /* Sources */ = {
			isa = PBXSourcesBuildPhase;
			buildActionMask = 2147483647;
			files = (
				830136BA29F9E7D600FD2DC9 /* bill.swift in Sources */,
				833DF11F29F8F7E80030F921 /* pickerView.swift in Sources */,
				833DF11929F8F2420030F921 /* billResult.swift in Sources */,
				830136B729F98A9A00FD2DC9 /* nextButton.swift in Sources */,
				833DF11729F8EE5B0030F921 /* tipBill.swift in Sources */,
				833DF10029F8E9A20030F921 /* ContentView.swift in Sources */,
				833DF11129F8EC190030F921 /* tipView.swift in Sources */,
				830136BD29F9E8AF00FD2DC9 /* billViewModel.swift in Sources */,
				833DF0FE29F8E9A20030F921 /* greenTipApp.swift in Sources */,
			);
			runOnlyForDeploymentPostprocessing = 0;
		};
/* End PBXSourcesBuildPhase section */

/* Begin XCBuildConfiguration section */
		833DF10629F8E9A60030F921 /* Debug */ = {
			isa = XCBuildConfiguration;
			buildSettings = {
				ALWAYS_SEARCH_USER_PATHS = NO;
				CLANG_ANALYZER_NONNULL = YES;
				CLANG_ANALYZER_NUMBER_OBJECT_CONVERSION = YES_AGGRESSIVE;
				CLANG_CXX_LANGUAGE_STANDARD = "gnu++20";
				CLANG_ENABLE_MODULES = YES;
				CLANG_ENABLE_OBJC_ARC = YES;
				CLANG_ENABLE_OBJC_WEAK = YES;
				CLANG_WARN_BLOCK_CAPTURE_AUTORELEASING = YES;
				CLANG_WARN_BOOL_CONVERSION = YES;
				CLANG_WARN_COMMA = YES;
				CLANG_WARN_CONSTANT_CONVERSION = YES;
				CLANG_WARN_DEPRECATED_OBJC_IMPLEMENTATIONS = YES;
				CLANG_WARN_DIRECT_OBJC_ISA_USAGE = YES_ERROR;
				CLANG_WARN_DOCUMENTATION_COMMENTS = YES;
				CLANG_WARN_EMPTY_BODY = YES;
				CLANG_WARN_ENUM_CONVERSION = YES;
				CLANG_WARN_INFINITE_RECURSION = YES;
				CLANG_WARN_INT_CONVERSION = YES;
				CLANG_WARN_NON_LITERAL_NULL_CONVERSION = YES;
				CLANG_WARN_OBJC_IMPLICIT_RETAIN_SELF = YES;
				CLANG_WARN_OBJC_LITERAL_CONVERSION = YES;
				CLANG_WARN_OBJC_ROOT_CLASS = YES_ERROR;
				CLANG_WARN_QUOTED_INCLUDE_IN_FRAMEWORK_HEADER = YES;
				CLANG_WARN_RANGE_LOOP_ANALYSIS = YES;
				CLANG_WARN_STRICT_PROTOTYPES = YES;
				CLANG_WARN_SUSPICIOUS_MOVE = YES;
				CLANG_WARN_UNGUARDED_AVAILABILITY = YES_AGGRESSIVE;
				CLANG_WARN_UNREACHABLE_CODE = YES;
				CLANG_WARN__DUPLICATE_METHOD_MATCH = YES;
				COPY_PHASE_STRIP = NO;
				DEBUG_INFORMATION_FORMAT = dwarf;
				ENABLE_STRICT_OBJC_MSGSEND = YES;
				ENABLE_TESTABILITY = YES;
				GCC_C_LANGUAGE_STANDARD = gnu11;
				GCC_DYNAMIC_NO_PIC = NO;
				GCC_NO_COMMON_BLOCKS = YES;
				GCC_OPTIMIZATION_LEVEL = 0;
				GCC_PREPROCESSOR_DEFINITIONS = (
					"DEBUG=1",
					"$(inherited)",
				);
				GCC_WARN_64_TO_32_BIT_CONVERSION = YES;
				GCC_WARN_ABOUT_RETURN_TYPE = YES_ERROR;
				GCC_WARN_UNDECLARED_SELECTOR = YES;
				GCC_WARN_UNINITIALIZED_AUTOS = YES_AGGRESSIVE;
				GCC_WARN_UNUSED_FUNCTION = YES;
				GCC_WARN_UNUSED_VARIABLE = YES;
				IPHONEOS_DEPLOYMENT_TARGET = 16.2;
				MTL_ENABLE_DEBUG_INFO = INCLUDE_SOURCE;
				MTL_FAST_MATH = YES;
				ONLY_ACTIVE_ARCH = YES;
				SDKROOT = iphoneos;
				SWIFT_ACTIVE_COMPILATION_CONDITIONS = DEBUG;
				SWIFT_OPTIMIZATION_LEVEL = "-Onone";
			};
			name = Debug;
		};
		833DF10729F8E9A60030F921 /* Release */ = {
			isa = XCBuildConfiguration;
			buildSettings = {
				ALWAYS_SEARCH_USER_PATHS = NO;
				CLANG_ANALYZER_NONNULL = YES;
				CLANG_ANALYZER_NUMBER_OBJECT_CONVERSION = YES_AGGRESSIVE;
				CLANG_CXX_LANGUAGE_STANDARD = "gnu++20";
				CLANG_ENABLE_MODULES = YES;
				CLANG_ENABLE_OBJC_ARC = YES;
				CLANG_ENABLE_OBJC_WEAK = YES;
				CLANG_WARN_BLOCK_CAPTURE_AUTORELEASING = YES;
				CLANG_WARN_BOOL_CONVERSION = YES;
				CLANG_WARN_COMMA = YES;
				CLANG_WARN_CONSTANT_CONVERSION = YES;
				CLANG_WARN_DEPRECATED_OBJC_IMPLEMENTATIONS = YES;
				CLANG_WARN_DIRECT_OBJC_ISA_USAGE = YES_ERROR;
				CLANG_WARN_DOCUMENTATION_COMMENTS = YES;
				CLANG_WARN_EMPTY_BODY = YES;
				CLANG_WARN_ENUM_CONVERSION = YES;
				CLANG_WARN_INFINITE_RECURSION = YES;
				CLANG_WARN_INT_CONVERSION = YES;
				CLANG_WARN_NON_LITERAL_NULL_CONVERSION = YES;
				CLANG_WARN_OBJC_IMPLICIT_RETAIN_SELF = YES;
				CLANG_WARN_OBJC_LITERAL_CONVERSION = YES;
				CLANG_WARN_OBJC_ROOT_CLASS = YES_ERROR;
				CLANG_WARN_QUOTED_INCLUDE_IN_FRAMEWORK_HEADER = YES;
				CLANG_WARN_RANGE_LOOP_ANALYSIS = YES;
				CLANG_WARN_STRICT_PROTOTYPES = YES;
				CLANG_WARN_SUSPICIOUS_MOVE = YES;
				CLANG_WARN_UNGUARDED_AVAILABILITY = YES_AGGRESSIVE;
				CLANG_WARN_UNREACHABLE_CODE = YES;
				CLANG_WARN__DUPLICATE_METHOD_MATCH = YES;
				COPY_PHASE_STRIP = NO;
				DEBUG_INFORMATION_FORMAT = "dwarf-with-dsym";
				ENABLE_NS_ASSERTIONS = NO;
				ENABLE_STRICT_OBJC_MSGSEND = YES;
				GCC_C_LANGUAGE_STANDARD = gnu11;
				GCC_NO_COMMON_BLOCKS = YES;
				GCC_WARN_64_TO_32_BIT_CONVERSION = YES;
				GCC_WARN_ABOUT_RETURN_TYPE = YES_ERROR;
				GCC_WARN_UNDECLARED_SELECTOR = YES;
				GCC_WARN_UNINITIALIZED_AUTOS = YES_AGGRESSIVE;
				GCC_WARN_UNUSED_FUNCTION = YES;
				GCC_WARN_UNUSED_VARIABLE = YES;
				IPHONEOS_DEPLOYMENT_TARGET = 16.2;
				MTL_ENABLE_DEBUG_INFO = NO;
				MTL_FAST_MATH = YES;
				SDKROOT = iphoneos;
				SWIFT_COMPILATION_MODE = wholemodule;
				SWIFT_OPTIMIZATION_LEVEL = "-O";
				VALIDATE_PRODUCT = YES;
			};
			name = Release;
		};
		833DF10929F8E9A60030F921 /* Debug */ = {
			isa = XCBuildConfiguration;
			buildSettings = {
				ASSETCATALOG_COMPILER_APPICON_NAME = AppIcon;
				ASSETCATALOG_COMPILER_GLOBAL_ACCENT_COLOR_NAME = AccentColor;
				CODE_SIGN_STYLE = Automatic;
				CURRENT_PROJECT_VERSION = 1;
				DEVELOPMENT_ASSET_PATHS = "\"greenTip/Preview Content\"";
				DEVELOPMENT_TEAM = VF9Z9M3349;
				ENABLE_PREVIEWS = YES;
				GENERATE_INFOPLIST_FILE = YES;
				INFOPLIST_FILE = greenTip/Info.plist;
				INFOPLIST_KEY_UIApplicationSceneManifest_Generation = YES;
				INFOPLIST_KEY_UIApplicationSupportsIndirectInputEvents = YES;
				INFOPLIST_KEY_UILaunchScreen_Generation = YES;
				INFOPLIST_KEY_UISupportedInterfaceOrientations_iPad = "UIInterfaceOrientationPortrait UIInterfaceOrientationPortraitUpsideDown UIInterfaceOrientationLandscapeLeft UIInterfaceOrientationLandscapeRight";
				INFOPLIST_KEY_UISupportedInterfaceOrientations_iPhone = "UIInterfaceOrientationPortrait UIInterfaceOrientationLandscapeLeft UIInterfaceOrientationLandscapeRight";
				LD_RUNPATH_SEARCH_PATHS = (
					"$(inherited)",
					"@executable_path/Frameworks",
				);
				MARKETING_VERSION = 1.0;
				PRODUCT_BUNDLE_IDENTIFIER = com.modamorioluwayomi.greenTip;
				PRODUCT_NAME = "$(TARGET_NAME)";
				SWIFT_EMIT_LOC_STRINGS = YES;
				SWIFT_VERSION = 5.0;
				TARGETED_DEVICE_FAMILY = "1,2";
			};
			name = Debug;
		};
		833DF10A29F8E9A60030F921 /* Release */ = {
			isa = XCBuildConfiguration;
			buildSettings = {
				ASSETCATALOG_COMPILER_APPICON_NAME = AppIcon;
				ASSETCATALOG_COMPILER_GLOBAL_ACCENT_COLOR_NAME = AccentColor;
				CODE_SIGN_STYLE = Automatic;
				CURRENT_PROJECT_VERSION = 1;
				DEVELOPMENT_ASSET_PATHS = "\"greenTip/Preview Content\"";
				DEVELOPMENT_TEAM = VF9Z9M3349;
				ENABLE_PREVIEWS = YES;
				GENERATE_INFOPLIST_FILE = YES;
				INFOPLIST_FILE = greenTip/Info.plist;
				INFOPLIST_KEY_UIApplicationSceneManifest_Generation = YES;
				INFOPLIST_KEY_UIApplicationSupportsIndirectInputEvents = YES;
				INFOPLIST_KEY_UILaunchScreen_Generation = YES;
				INFOPLIST_KEY_UISupportedInterfaceOrientations_iPad = "UIInterfaceOrientationPortrait UIInterfaceOrientationPortraitUpsideDown UIInterfaceOrientationLandscapeLeft UIInterfaceOrientationLandscapeRight";
				INFOPLIST_KEY_UISupportedInterfaceOrientations_iPhone = "UIInterfaceOrientationPortrait UIInterfaceOrientationLandscapeLeft UIInterfaceOrientationLandscapeRight";
				LD_RUNPATH_SEARCH_PATHS = (
					"$(inherited)",
					"@executable_path/Frameworks",
				);
				MARKETING_VERSION = 1.0;
				PRODUCT_BUNDLE_IDENTIFIER = com.modamorioluwayomi.greenTip;
				PRODUCT_NAME = "$(TARGET_NAME)";
				SWIFT_EMIT_LOC_STRINGS = YES;
				SWIFT_VERSION = 5.0;
				TARGETED_DEVICE_FAMILY = "1,2";
			};
			name = Release;
		};
/* End XCBuildConfiguration section */

/* Begin XCConfigurationList section */
		833DF0F529F8E9A20030F921 /* Build configuration list for PBXProject "greenTip" */ = {
			isa = XCConfigurationList;
			buildConfigurations = (
				833DF10629F8E9A60030F921 /* Debug */,
				833DF10729F8E9A60030F921 /* Release */,
			);
			defaultConfigurationIsVisible = 0;
			defaultConfigurationName = Release;
		};
		833DF10829F8E9A60030F921 /* Build configuration list for PBXNativeTarget "greenTip" */ = {
			isa = XCConfigurationList;
			buildConfigurations = (
				833DF10929F8E9A60030F921 /* Debug */,
				833DF10A29F8E9A60030F921 /* Release */,
			);
			defaultConfigurationIsVisible = 0;
			defaultConfigurationName = Release;
		};
/* End XCConfigurationList section */
	};
	rootObject = 833DF0F229F8E9A20030F921 /* Project object */;
}
